
Microsoft Visual Studio Solution File, Format Version 12.00
# Visual Studio Version 16
VisualStudioVersion = 16.0.808.4
MinimumVisualStudioVersion = 10.0.40219.1
Project("{FAE04EC0-301F-11D3-BF4B-00C04F79EFBC}") = "SportsStore.Tests", "SportsStore.Tests\SportsStore.Tests.csproj", "{AD8E0A88-BEBD-453D-BD2A-3CE034B59F8A}"
EndProject
Global
	GlobalSection(SolutionConfigurationPlatforms) = preSolution
		Debug|Any CPU = Debug|Any CPU
		Release|Any CPU = Release|Any CPU
	EndGlobalSection
	GlobalSection(ProjectConfigurationPlatforms) = postSolution
		{AD8E0A88-BEBD-453D-BD2A-3CE034B59F8A}.Debug|Any CPU.ActiveCfg = Debug|Any CPU
		{AD8E0A88-BEBD-453D-BD2A-3CE034B59F8A}.Debug|Any CPU.Build.0 = Debug|Any CPU
		{AD8E0A88-BEBD-453D-BD2A-3CE034B59F8A}.Release|Any CPU.ActiveCfg = Release|Any CPU
		{AD8E0A88-BEBD-453D-BD2A-3CE034B59F8A}.Release|Any CPU.Build.0 = Release|Any CPU
	EndGlobalSection
	GlobalSection(SolutionProperties) = preSolution
		HideSolutionNode = FALSE
	EndGlobalSection
	GlobalSection(ExtensibilityGlobals) = postSolution
		SolutionGuid = {3B23D3F6-B066-46E4-9CFC-9656881B8838}
	EndGlobalSection
EndGlobal
